// !$*UTF8*$!
{
	archiveVersion = 1;
	classes = {
	};
	objectVersion = 48;
	objects = {

/* Begin PBXBuildFile section */
		945362A61FE9040100FBE7CF /* AppDelegate.m in Sources */ = {isa = PBXBuildFile; fileRef = 945362A51FE9040100FBE7CF /* AppDelegate.m */; };
		945362A91FE9040100FBE7CF /* ViewController.m in Sources */ = {isa = PBXBuildFile; fileRef = 945362A81FE9040100FBE7CF /* ViewController.m */; };
		945362AC1FE9040100FBE7CF /* Main.storyboard in Resources */ = {isa = PBXBuildFile; fileRef = 945362AA1FE9040100FBE7CF /* Main.storyboard */; };
		945362AE1FE9040100FBE7CF /* Assets.xcassets in Resources */ = {isa = PBXBuildFile; fileRef = 945362AD1FE9040100FBE7CF /* Assets.xcassets */; };
		945362B11FE9040100FBE7CF /* LaunchScreen.storyboard in Resources */ = {isa = PBXBuildFile; fileRef = 945362AF1FE9040100FBE7CF /* LaunchScreen.storyboard */; };
		945362B41FE9040100FBE7CF /* main.m in Sources */ = {isa = PBXBuildFile; fileRef = 945362B31FE9040100FBE7CF /* main.m */; };
		945362CD1FE9040F00FBE7CF /* YTGapCellViewModel.m in Sources */ = {isa = PBXBuildFile; fileRef = 945362BE1FE9040F00FBE7CF /* YTGapCellViewModel.m */; };
		945362CE1FE9040F00FBE7CF /* YTNormalCellViewModel.m in Sources */ = {isa = PBXBuildFile; fileRef = 945362C01FE9040F00FBE7CF /* YTNormalCellViewModel.m */; };
		945362CF1FE9040F00FBE7CF /* YTGapCell.m in Sources */ = {isa = PBXBuildFile; fileRef = 945362C21FE9040F00FBE7CF /* YTGapCell.m */; };
		945362D01FE9040F00FBE7CF /* YTNormalCell.m in Sources */ = {isa = PBXBuildFile; fileRef = 945362C41FE9040F00FBE7CF /* YTNormalCell.m */; };
		945362D11FE9040F00FBE7CF /* YTSectionFactory.m in Sources */ = {isa = PBXBuildFile; fileRef = 945362C61FE9040F00FBE7CF /* YTSectionFactory.m */; };
		945362D21FE9040F00FBE7CF /* YTTableView.m in Sources */ = {isa = PBXBuildFile; fileRef = 945362CA1FE9040F00FBE7CF /* YTTableView.m */; };
		945362D31FE9040F00FBE7CF /* YTTableViewSection.m in Sources */ = {isa = PBXBuildFile; fileRef = 945362CC1FE9040F00FBE7CF /* YTTableViewSection.m */; };
		945362D61FE905B600FBE7CF /* ViewModel.m in Sources */ = {isa = PBXBuildFile; fileRef = 945362D51FE905B600FBE7CF /* ViewModel.m */; };
		945362DB1FE9072500FBE7CF /* CustomCell.m in Sources */ = {isa = PBXBuildFile; fileRef = 945362D91FE9072500FBE7CF /* CustomCell.m */; };
		945362DC1FE9072500FBE7CF /* CustomCell.xib in Resources */ = {isa = PBXBuildFile; fileRef = 945362DA1FE9072500FBE7CF /* CustomCell.xib */; };
		945362DF1FE9077200FBE7CF /* CustomCellViewModel.m in Sources */ = {isa = PBXBuildFile; fileRef = 945362DE1FE9077200FBE7CF /* CustomCellViewModel.m */; };
/* End PBXBuildFile section */

/* Begin PBXFileReference section */
		945362A11FE9040000FBE7CF /* MinTableViewDemo.app */ = {isa = PBXFileReference; explicitFileType = wrapper.application; includeInIndex = 0; path = MinTableViewDemo.app; sourceTree = BUILT_PRODUCTS_DIR; };
		945362A41FE9040000FBE7CF /* AppDelegate.h */ = {isa = PBXFileReference; lastKnownFileType = sourcecode.c.h; path = AppDelegate.h; sourceTree = "<group>"; };
		945362A51FE9040100FBE7CF /* AppDelegate.m */ = {isa = PBXFileReference; lastKnownFileType = sourcecode.c.objc; path = AppDelegate.m; sourceTree = "<group>"; };
		945362A71FE9040100FBE7CF /* ViewController.h */ = {isa = PBXFileReference; lastKnownFileType = sourcecode.c.h; path = ViewController.h; sourceTree = "<group>"; };
		945362A81FE9040100FBE7CF /* ViewController.m */ = {isa = PBXFileReference; lastKnownFileType = sourcecode.c.objc; path = ViewController.m; sourceTree = "<group>"; };
		945362AB1FE9040100FBE7CF /* Base */ = {isa = PBXFileReference; lastKnownFileType = file.storyboard; name = Base; path = Base.lproj/Main.storyboard; sourceTree = "<group>"; };
		945362AD1FE9040100FBE7CF /* Assets.xcassets */ = {isa = PBXFileReference; lastKnownFileType = folder.assetcatalog; path = Assets.xcassets; sourceTree = "<group>"; };
		945362B01FE9040100FBE7CF /* Base */ = {isa = PBXFileReference; lastKnownFileType = file.storyboard; name = Base; path = Base.lproj/LaunchScreen.storyboard; sourceTree = "<group>"; };
		945362B21FE9040100FBE7CF /* Info.plist */ = {isa = PBXFileReference; lastKnownFileType = text.plist.xml; path = Info.plist; sourceTree = "<group>"; };
		945362B31FE9040100FBE7CF /* main.m */ = {isa = PBXFileReference; lastKnownFileType = sourcecode.c.objc; path = main.m; sourceTree = "<group>"; };
		945362BD1FE9040F00FBE7CF /* YTGapCellViewModel.h */ = {isa = PBXFileReference; fileEncoding = 4; lastKnownFileType = sourcecode.c.h; path = YTGapCellViewModel.h; sourceTree = "<group>"; };
		945362BE1FE9040F00FBE7CF /* YTGapCellViewModel.m */ = {isa = PBXFileReference; fileEncoding = 4; lastKnownFileType = sourcecode.c.objc; path = YTGapCellViewModel.m; sourceTree = "<group>"; };
		945362BF1FE9040F00FBE7CF /* YTNormalCellViewModel.h */ = {isa = PBXFileReference; fileEncoding = 4; lastKnownFileType = sourcecode.c.h; path = YTNormalCellViewModel.h; sourceTree = "<group>"; };
		945362C01FE9040F00FBE7CF /* YTNormalCellViewModel.m */ = {isa = PBXFileReference; fileEncoding = 4; lastKnownFileType = sourcecode.c.objc; path = YTNormalCellViewModel.m; sourceTree = "<group>"; };
		945362C11FE9040F00FBE7CF /* YTGapCell.h */ = {isa = PBXFileReference; fileEncoding = 4; lastKnownFileType = sourcecode.c.h; path = YTGapCell.h; sourceTree = "<group>"; };
		945362C21FE9040F00FBE7CF /* YTGapCell.m */ = {isa = PBXFileReference; fileEncoding = 4; lastKnownFileType = sourcecode.c.objc; path = YTGapCell.m; sourceTree = "<group>"; };
		945362C31FE9040F00FBE7CF /* YTNormalCell.h */ = {isa = PBXFileReference; fileEncoding = 4; lastKnownFileType = sourcecode.c.h; path = YTNormalCell.h; sourceTree = "<group>"; };
		945362C41FE9040F00FBE7CF /* YTNormalCell.m */ = {isa = PBXFileReference; fileEncoding = 4; lastKnownFileType = sourcecode.c.objc; path = YTNormalCell.m; sourceTree = "<group>"; };
		945362C51FE9040F00FBE7CF /* YTSectionFactory.h */ = {isa = PBXFileReference; fileEncoding = 4; lastKnownFileType = sourcecode.c.h; path = YTSectionFactory.h; sourceTree = "<group>"; };
		945362C61FE9040F00FBE7CF /* YTSectionFactory.m */ = {isa = PBXFileReference; fileEncoding = 4; lastKnownFileType = sourcecode.c.objc; path = YTSectionFactory.m; sourceTree = "<group>"; };
		945362C71FE9040F00FBE7CF /* YTCellProtocol.h */ = {isa = PBXFileReference; fileEncoding = 4; lastKnownFileType = sourcecode.c.h; path = YTCellProtocol.h; sourceTree = "<group>"; };
		945362C81FE9040F00FBE7CF /* YTTableCellViewModelProtocol.h */ = {isa = PBXFileReference; fileEncoding = 4; lastKnownFileType = sourcecode.c.h; path = YTTableCellViewModelProtocol.h; sourceTree = "<group>"; };
		945362C91FE9040F00FBE7CF /* YTTableView.h */ = {isa = PBXFileReference; fileEncoding = 4; lastKnownFileType = sourcecode.c.h; path = YTTableView.h; sourceTree = "<group>"; };
		945362CA1FE9040F00FBE7CF /* YTTableView.m */ = {isa = PBXFileReference; fileEncoding = 4; lastKnownFileType = sourcecode.c.objc; path = YTTableView.m; sourceTree = "<group>"; };
		945362CB1FE9040F00FBE7CF /* YTTableViewSection.h */ = {isa = PBXFileReference; fileEncoding = 4; lastKnownFileType = sourcecode.c.h; path = YTTableViewSection.h; sourceTree = "<group>"; };
		945362CC1FE9040F00FBE7CF /* YTTableViewSection.m */ = {isa = PBXFileReference; fileEncoding = 4; lastKnownFileType = sourcecode.c.objc; path = YTTableViewSection.m; sourceTree = "<group>"; };
		945362D41FE905B600FBE7CF /* ViewModel.h */ = {isa = PBXFileReference; lastKnownFileType = sourcecode.c.h; path = ViewModel.h; sourceTree = "<group>"; };
		945362D51FE905B600FBE7CF /* ViewModel.m */ = {isa = PBXFileReference; lastKnownFileType = sourcecode.c.objc; path = ViewModel.m; sourceTree = "<group>"; };
		945362D81FE9072500FBE7CF /* CustomCell.h */ = {isa = PBXFileReference; lastKnownFileType = sourcecode.c.h; path = CustomCell.h; sourceTree = "<group>"; };
		945362D91FE9072500FBE7CF /* CustomCell.m */ = {isa = PBXFileReference; lastKnownFileType = sourcecode.c.objc; path = CustomCell.m; sourceTree = "<group>"; };
		945362DA1FE9072500FBE7CF /* CustomCell.xib */ = {isa = PBXFileReference; lastKnownFileType = file.xib; path = CustomCell.xib; sourceTree = "<group>"; };
		945362DD1FE9077200FBE7CF /* CustomCellViewModel.h */ = {isa = PBXFileReference; lastKnownFileType = sourcecode.c.h; path = CustomCellViewModel.h; sourceTree = "<group>"; };
		945362DE1FE9077200FBE7CF /* CustomCellViewModel.m */ = {isa = PBXFileReference; lastKnownFileType = sourcecode.c.objc; path = CustomCellViewModel.m; sourceTree = "<group>"; };
/* End PBXFileReference section */

/* Begin PBXFrameworksBuildPhase section */
		9453629E1FE9040000FBE7CF /* Frameworks */ = {
			isa = PBXFrameworksBuildPhase;
			buildActionMask = 2147483647;
			files = (
			);
			runOnlyForDeploymentPostprocessing = 0;
		};
/* End PBXFrameworksBuildPhase section */

/* Begin PBXGroup section */
		945362981FE9040000FBE7CF = {
			isa = PBXGroup;
			children = (
				945362A31FE9040000FBE7CF /* MinTableViewDemo */,
				945362A21FE9040000FBE7CF /* Products */,
			);
			sourceTree = "<group>";
		};
		945362A21FE9040000FBE7CF /* Products */ = {
			isa = PBXGroup;
			children = (
				945362A11FE9040000FBE7CF /* MinTableViewDemo.app */,
			);
			name = Products;
			sourceTree = "<group>";
		};
		945362A31FE9040000FBE7CF /* MinTableViewDemo */ = {
			isa = PBXGroup;
			children = (
				945362D71FE9071300FBE7CF /* 自定义的Cell */,
				945362BA1FE9040F00FBE7CF /* YTTableView */,
				945362A41FE9040000FBE7CF /* AppDelegate.h */,
				945362A51FE9040100FBE7CF /* AppDelegate.m */,
				945362A71FE9040100FBE7CF /* ViewController.h */,
				945362A81FE9040100FBE7CF /* ViewController.m */,
				945362AA1FE9040100FBE7CF /* Main.storyboard */,
				945362AD1FE9040100FBE7CF /* Assets.xcassets */,
				945362AF1FE9040100FBE7CF /* LaunchScreen.storyboard */,
				945362B21FE9040100FBE7CF /* Info.plist */,
				945362B31FE9040100FBE7CF /* main.m */,
				945362D41FE905B600FBE7CF /* ViewModel.h */,
				945362D51FE905B600FBE7CF /* ViewModel.m */,
			);
			path = MinTableViewDemo;
			sourceTree = "<group>";
		};
		945362BA1FE9040F00FBE7CF /* YTTableView */ = {
			isa = PBXGroup;
			children = (
				945362BB1FE9040F00FBE7CF /* CommonCells */,
				945362C71FE9040F00FBE7CF /* YTCellProtocol.h */,
				945362C81FE9040F00FBE7CF /* YTTableCellViewModelProtocol.h */,
				945362C91FE9040F00FBE7CF /* YTTableView.h */,
				945362CA1FE9040F00FBE7CF /* YTTableView.m */,
				945362CB1FE9040F00FBE7CF /* YTTableViewSection.h */,
				945362CC1FE9040F00FBE7CF /* YTTableViewSection.m */,
			);
			path = YTTableView;
			sourceTree = "<group>";
		};
		945362BB1FE9040F00FBE7CF /* CommonCells */ = {
			isa = PBXGroup;
			children = (
				945362BC1FE9040F00FBE7CF /* CellViewModels */,
				945362C11FE9040F00FBE7CF /* YTGapCell.h */,
				945362C21FE9040F00FBE7CF /* YTGapCell.m */,
				945362C31FE9040F00FBE7CF /* YTNormalCell.h */,
				945362C41FE9040F00FBE7CF /* YTNormalCell.m */,
				945362C51FE9040F00FBE7CF /* YTSectionFactory.h */,
				945362C61FE9040F00FBE7CF /* YTSectionFactory.m */,
			);
			path = CommonCells;
			sourceTree = "<group>";
		};
		945362BC1FE9040F00FBE7CF /* CellViewModels */ = {
			isa = PBXGroup;
			children = (
				945362BD1FE9040F00FBE7CF /* YTGapCellViewModel.h */,
				945362BE1FE9040F00FBE7CF /* YTGapCellViewModel.m */,
				945362BF1FE9040F00FBE7CF /* YTNormalCellViewModel.h */,
				945362C01FE9040F00FBE7CF /* YTNormalCellViewModel.m */,
			);
			path = CellViewModels;
			sourceTree = "<group>";
		};
		945362D71FE9071300FBE7CF /* 自定义的Cell */ = {
			isa = PBXGroup;
			children = (
				945362D81FE9072500FBE7CF /* CustomCell.h */,
				945362D91FE9072500FBE7CF /* CustomCell.m */,
				945362DA1FE9072500FBE7CF /* CustomCell.xib */,
				945362DD1FE9077200FBE7CF /* CustomCellViewModel.h */,
				945362DE1FE9077200FBE7CF /* CustomCellViewModel.m */,
			);
			path = "自定义的Cell";
			sourceTree = "<group>";
		};
/* End PBXGroup section */

/* Begin PBXNativeTarget section */
		945362A01FE9040000FBE7CF /* MinTableViewDemo */ = {
			isa = PBXNativeTarget;
			buildConfigurationList = 945362B71FE9040100FBE7CF /* Build configuration list for PBXNativeTarget "MinTableViewDemo" */;
			buildPhases = (
				9453629D1FE9040000FBE7CF /* Sources */,
				9453629E1FE9040000FBE7CF /* Frameworks */,
				9453629F1FE9040000FBE7CF /* Resources */,
			);
			buildRules = (
			);
			dependencies = (
			);
			name = MinTableViewDemo;
			productName = MinTableViewDemo;
			productReference = 945362A11FE9040000FBE7CF /* MinTableViewDemo.app */;
			productType = "com.apple.product-type.application";
		};
/* End PBXNativeTarget section */

/* Begin PBXProject section */
		945362991FE9040000FBE7CF /* Project object */ = {
			isa = PBXProject;
			attributes = {
				LastUpgradeCheck = 0920;
				ORGANIZATIONNAME = Brant;
				TargetAttributes = {
					945362A01FE9040000FBE7CF = {
						CreatedOnToolsVersion = 9.2;
						ProvisioningStyle = Automatic;
					};
				};
			};
			buildConfigurationList = 9453629C1FE9040000FBE7CF /* Build configuration list for PBXProject "MinTableViewDemo" */;
			compatibilityVersion = "Xcode 8.0";
			developmentRegion = en;
			hasScannedForEncodings = 0;
			knownRegions = (
				en,
				Base,
			);
			mainGroup = 945362981FE9040000FBE7CF;
			productRefGroup = 945362A21FE9040000FBE7CF /* Products */;
			projectDirPath = "";
			projectRoot = "";
			targets = (
				945362A01FE9040000FBE7CF /* MinTableViewDemo */,
			);
		};
/* End PBXProject section */

/* Begin PBXResourcesBuildPhase section */
		9453629F1FE9040000FBE7CF /* Resources */ = {
			isa = PBXResourcesBuildPhase;
			buildActionMask = 2147483647;
			files = (
				945362B11FE9040100FBE7CF /* LaunchScreen.storyboard in Resources */,
				945362AE1FE9040100FBE7CF /* Assets.xcassets in Resources */,
				945362DC1FE9072500FBE7CF /* CustomCell.xib in Resources */,
				945362AC1FE9040100FBE7CF /* Main.storyboard in Resources */,
			);
			runOnlyForDeploymentPostprocessing = 0;
		};
/* End PBXResourcesBuildPhase section */

/* Begin PBXSourcesBuildPhase section */
		9453629D1FE9040000FBE7CF /* Sources */ = {
			isa = PBXSourcesBuildPhase;
			buildActionMask = 2147483647;
			files = (
				945362D01FE9040F00FBE7CF /* YTNormalCell.m in Sources */,
				945362CD1FE9040F00FBE7CF /* YTGapCellViewModel.m in Sources */,
				945362DB1FE9072500FBE7CF /* CustomCell.m in Sources */,
				945362D31FE9040F00FBE7CF /* YTTableViewSection.m in Sources */,
				945362CF1FE9040F00FBE7CF /* YTGapCell.m in Sources */,
				945362A91FE9040100FBE7CF /* ViewController.m in Sources */,
				945362D61FE905B600FBE7CF /* ViewModel.m in Sources */,
				945362B41FE9040100FBE7CF /* main.m in Sources */,
				945362DF1FE9077200FBE7CF /* CustomCellViewModel.m in Sources */,
				945362D21FE9040F00FBE7CF /* YTTableView.m in Sources */,
				945362A61FE9040100FBE7CF /* AppDelegate.m in Sources */,
				945362CE1FE9040F00FBE7CF /* YTNormalCellViewModel.m in Sources */,
				945362D11FE9040F00FBE7CF /* YTSectionFactory.m in Sources */,
			);
			runOnlyForDeploymentPostprocessing = 0;
		};
/* End PBXSourcesBuildPhase section */

/* Begin PBXVariantGroup section */
		945362AA1FE9040100FBE7CF /* Main.storyboard */ = {
			isa = PBXVariantGroup;
			children = (
				945362AB1FE9040100FBE7CF /* Base */,
			);
			name = Main.storyboard;
			sourceTree = "<group>";
		};
		945362AF1FE9040100FBE7CF /* LaunchScreen.storyboard */ = {
			isa = PBXVariantGroup;
			children = (
				945362B01FE9040100FBE7CF /* Base */,
			);
			name = LaunchScreen.storyboard;
			sourceTree = "<group>";
		};
/* End PBXVariantGroup section */

/* Begin XCBuildConfiguration section */
		945362B51FE9040100FBE7CF /* Debug */ = {
			isa = XCBuildConfiguration;
			buildSettings = {
				ALWAYS_SEARCH_USER_PATHS = NO;
				CLANG_ANALYZER_NONNULL = YES;
				CLANG_ANALYZER_NUMBER_OBJECT_CONVERSION = YES_AGGRESSIVE;
				CLANG_CXX_LANGUAGE_STANDARD = "gnu++14";
				CLANG_CXX_LIBRARY = "libc++";
				CLANG_ENABLE_MODULES = YES;
				CLANG_ENABLE_OBJC_ARC = YES;
				CLANG_WARN_BLOCK_CAPTURE_AUTORELEASING = YES;
				CLANG_WARN_BOOL_CONVERSION = YES;
				CLANG_WARN_COMMA = YES;
				CLANG_WARN_CONSTANT_CONVERSION = YES;
				CLANG_WARN_DIRECT_OBJC_ISA_USAGE = YES_ERROR;
				CLANG_WARN_DOCUMENTATION_COMMENTS = YES;
				CLANG_WARN_EMPTY_BODY = YES;
				CLANG_WARN_ENUM_CONVERSION = YES;
				CLANG_WARN_INFINITE_RECURSION = YES;
				CLANG_WARN_INT_CONVERSION = YES;
				CLANG_WARN_NON_LITERAL_NULL_CONVERSION = YES;
				CLANG_WARN_OBJC_LITERAL_CONVERSION = YES;
				CLANG_WARN_OBJC_ROOT_CLASS = YES_ERROR;
				CLANG_WARN_RANGE_LOOP_ANALYSIS = YES;
				CLANG_WARN_STRICT_PROTOTYPES = YES;
				CLANG_WARN_SUSPICIOUS_MOVE = YES;
				CLANG_WARN_UNGUARDED_AVAILABILITY = YES_AGGRESSIVE;
				CLANG_WARN_UNREACHABLE_CODE = YES;
				CLANG_WARN__DUPLICATE_METHOD_MATCH = YES;
				CODE_SIGN_IDENTITY = "iPhone Developer";
				COPY_PHASE_STRIP = NO;
				DEBUG_INFORMATION_FORMAT = dwarf;
				ENABLE_STRICT_OBJC_MSGSEND = YES;
				ENABLE_TESTABILITY = YES;
				GCC_C_LANGUAGE_STANDARD = gnu11;
				GCC_DYNAMIC_NO_PIC = NO;
				GCC_NO_COMMON_BLOCKS = YES;
				GCC_OPTIMIZATION_LEVEL = 0;
				GCC_PREPROCESSOR_DEFINITIONS = (
					"DEBUG=1",
					"$(inherited)",
				);
				GCC_WARN_64_TO_32_BIT_CONVERSION = YES;
				GCC_WARN_ABOUT_RETURN_TYPE = YES_ERROR;
				GCC_WARN_UNDECLARED_SELECTOR = YES;
				GCC_WARN_UNINITIALIZED_AUTOS = YES_AGGRESSIVE;
				GCC_WARN_UNUSED_FUNCTION = YES;
				GCC_WARN_UNUSED_VARIABLE = YES;
				IPHONEOS_DEPLOYMENT_TARGET = 8.0;
				MTL_ENABLE_DEBUG_INFO = YES;
				ONLY_ACTIVE_ARCH = YES;
				SDKROOT = iphoneos;
			};
			name = Debug;
		};
		945362B61FE9040100FBE7CF /* Release */ = {
			isa = XCBuildConfiguration;
			buildSettings = {
				ALWAYS_SEARCH_USER_PATHS = NO;
				CLANG_ANALYZER_NONNULL = YES;
				CLANG_ANALYZER_NUMBER_OBJECT_CONVERSION = YES_AGGRESSIVE;
				CLANG_CXX_LANGUAGE_STANDARD = "gnu++14";
				CLANG_CXX_LIBRARY = "libc++";
				CLANG_ENABLE_MODULES = YES;
				CLANG_ENABLE_OBJC_ARC = YES;
				CLANG_WARN_BLOCK_CAPTURE_AUTORELEASING = YES;
				CLANG_WARN_BOOL_CONVERSION = YES;
				CLANG_WARN_COMMA = YES;
				CLANG_WARN_CONSTANT_CONVERSION = YES;
				CLANG_WARN_DIRECT_OBJC_ISA_USAGE = YES_ERROR;
				CLANG_WARN_DOCUMENTATION_COMMENTS = YES;
				CLANG_WARN_EMPTY_BODY = YES;
				CLANG_WARN_ENUM_CONVERSION = YES;
				CLANG_WARN_INFINITE_RECURSION = YES;
				CLANG_WARN_INT_CONVERSION = YES;
				CLANG_WARN_NON_LITERAL_NULL_CONVERSION = YES;
				CLANG_WARN_OBJC_LITERAL_CONVERSION = YES;
				CLANG_WARN_OBJC_ROOT_CLASS = YES_ERROR;
				CLANG_WARN_RANGE_LOOP_ANALYSIS = YES;
				CLANG_WARN_STRICT_PROTOTYPES = YES;
				CLANG_WARN_SUSPICIOUS_MOVE = YES;
				CLANG_WARN_UNGUARDED_AVAILABILITY = YES_AGGRESSIVE;
				CLANG_WARN_UNREACHABLE_CODE = YES;
				CLANG_WARN__DUPLICATE_METHOD_MATCH = YES;
				CODE_SIGN_IDENTITY = "iPhone Developer";
				COPY_PHASE_STRIP = NO;
				DEBUG_INFORMATION_FORMAT = "dwarf-with-dsym";
				ENABLE_NS_ASSERTIONS = NO;
				ENABLE_STRICT_OBJC_MSGSEND = YES;
				GCC_C_LANGUAGE_STANDARD = gnu11;
				GCC_NO_COMMON_BLOCKS = YES;
				GCC_WARN_64_TO_32_BIT_CONVERSION = YES;
				GCC_WARN_ABOUT_RETURN_TYPE = YES_ERROR;
				GCC_WARN_UNDECLARED_SELECTOR = YES;
				GCC_WARN_UNINITIALIZED_AUTOS = YES_AGGRESSIVE;
				GCC_WARN_UNUSED_FUNCTION = YES;
				GCC_WARN_UNUSED_VARIABLE = YES;
				IPHONEOS_DEPLOYMENT_TARGET = 8.0;
				MTL_ENABLE_DEBUG_INFO = NO;
				SDKROOT = iphoneos;
				VALIDATE_PRODUCT = YES;
			};
			name = Release;
		};
		945362B81FE9040100FBE7CF /* Debug */ = {
			isa = XCBuildConfiguration;
			buildSettings = {
				ASSETCATALOG_COMPILER_APPICON_NAME = AppIcon;
				CODE_SIGN_STYLE = Automatic;
				DEVELOPMENT_TEAM = LWHVHZ3462;
				INFOPLIST_FILE = MinTableViewDemo/Info.plist;
				LD_RUNPATH_SEARCH_PATHS = "$(inherited) @executable_path/Frameworks";
				PRODUCT_BUNDLE_IDENTIFIER = com.brant.MinTableViewDemo;
				PRODUCT_NAME = "$(TARGET_NAME)";
				TARGETED_DEVICE_FAMILY = "1,2";
			};
			name = Debug;
		};
		945362B91FE9040100FBE7CF /* Release */ = {
			isa = XCBuildConfiguration;
			buildSettings = {
				ASSETCATALOG_COMPILER_APPICON_NAME = AppIcon;
				CODE_SIGN_STYLE = Automatic;
				DEVELOPMENT_TEAM = LWHVHZ3462;
				INFOPLIST_FILE = MinTableViewDemo/Info.plist;
				LD_RUNPATH_SEARCH_PATHS = "$(inherited) @executable_path/Frameworks";
				PRODUCT_BUNDLE_IDENTIFIER = com.brant.MinTableViewDemo;
				PRODUCT_NAME = "$(TARGET_NAME)";
				TARGETED_DEVICE_FAMILY = "1,2";
			};
			name = Release;
		};
/* End XCBuildConfiguration section */

/* Begin XCConfigurationList section */
		9453629C1FE9040000FBE7CF /* Build configuration list for PBXProject "MinTableViewDemo" */ = {
			isa = XCConfigurationList;
			buildConfigurations = (
				945362B51FE9040100FBE7CF /* Debug */,
				945362B61FE9040100FBE7CF /* Release */,
			);
			defaultConfigurationIsVisible = 0;
			defaultConfigurationName = Release;
		};
		945362B71FE9040100FBE7CF /* Build configuration list for PBXNativeTarget "MinTableViewDemo" */ = {
			isa = XCConfigurationList;
			buildConfigurations = (
				945362B81FE9040100FBE7CF /* Debug */,
				945362B91FE9040100FBE7CF /* Release */,
			);
			defaultConfigurationIsVisible = 0;
			defaultConfigurationName = Release;
		};
/* End XCConfigurationList section */
	};
	rootObject = 945362991FE9040000FBE7CF /* Project object */;
}
